{
  "name": "@creditcoin3/usc-messaging-contracts",
  "version": "0.1.0",
  "lockfileVersion": 3,
  "requires": true,
  "packages": {
    "": {
      "name": "@creditcoin3/usc-messaging-contracts",
      "version": "0.1.0",
      "dependencies": {
        "@gluwa/usc-contracts": "0.1.2"
      }
    },
    "node_modules/@gluwa/usc-contracts": {
      "version": "0.1.2",
      "resolved": "https://registry.npmjs.org/@gluwa/usc-contracts/-/usc-contracts-0.1.2.tgz",
      "integrity": "sha512-6GbBApjqhb6uWGzo6mLOZxH2RNq8iCOoRuYXn97gIQIaIHMk/pjQdDk2vJolX11TnhQbcrtoE/em/RDQyrJJdQ==",
      "license": "MIT"
    }
  }
}
