{
  "name": "@creditcoin3/usc-messaging-contracts",
  "version": "0.1.0",
  "lockfileVersion": 3,
  "requires": true,
  "packages": {
    "": {
      "name": "@creditcoin3/usc-messaging-contracts",
      "version": "0.1.0",
      "dependencies": {
        "@gluwa/usc-contracts": "0.1.1"
      }
    },
    "node_modules/@gluwa/usc-contracts": {
      "version": "0.1.1",
      "resolved": "https://registry.npmjs.org/@gluwa/usc-contracts/-/usc-contracts-0.1.1.tgz",
      "integrity": "sha512-qAki0faRpIfcmMIXUAMurJabAj9WqFf92+Mv4InvlJQ833HUxZHj5idfIhK38vcIh/PBi0jfJQIrxDY6ol/A1w==",
      "license": "MIT"
    }
  }
}
